
Microsoft Visual Studio Solution File, Format Version 12.00
# Visual Studio Version 16
VisualStudioVersion = 16.0.30002.166
MinimumVisualStudioVersion = 10.0.40219.1
Project("{FAE04EC0-301F-11D3-BF4B-00C04F79EFBC}") = "HelloConsole", "HelloConsole\HelloConsole.csproj", "{88617B2E-6DC3-4364-B6DA-8E8ADD2B568F}"
EndProject
Global
	GlobalSection(SolutionConfigurationPlatforms) = preSolution
		Debug|Any CPU = Debug|Any CPU
		Release|Any CPU = Release|Any CPU
	EndGlobalSection
	GlobalSection(ProjectConfigurationPlatforms) = postSolution
		{88617B2E-6DC3-4364-B6DA-8E8ADD2B568F}.Debug|Any CPU.ActiveCfg = Debug|Any CPU
		{88617B2E-6DC3-4364-B6DA-8E8ADD2B568F}.Debug|Any CPU.Build.0 = Debug|Any CPU
		{88617B2E-6DC3-4364-B6DA-8E8ADD2B568F}.Release|Any CPU.ActiveCfg = Release|Any CPU
		{88617B2E-6DC3-4364-B6DA-8E8ADD2B568F}.Release|Any CPU.Build.0 = Release|Any CPU
	EndGlobalSection
	GlobalSection(SolutionProperties) = preSolution
		HideSolutionNode = FALSE
	EndGlobalSection
	GlobalSection(ExtensibilityGlobals) = postSolution
		SolutionGuid = {495B1BB7-0A97-4B1E-9077-AFB2ABB9F185}
	EndGlobalSection
EndGlobal
